// !$*UTF8*$!
{
	archiveVersion = 1;
	classes = {
	};
	objectVersion = 56;
	objects = {

/* Begin PBXBuildFile section */
		522654202AC298C50001B34D /* StringOperations.swift in Sources */ = {isa = PBXBuildFile; fileRef = 5226541F2AC298C50001B34D /* StringOperations.swift */; };
		523873AB2AC1B3CA00507C7B /* main.swift in Sources */ = {isa = PBXBuildFile; fileRef = 523873AA2AC1B3CA00507C7B /* main.swift */; };
		523873B22AC1B40C00507C7B /* TripleSums.swift in Sources */ = {isa = PBXBuildFile; fileRef = 523873B12AC1B40C00507C7B /* TripleSums.swift */; };
		523873B42AC1B4F100507C7B /* AbsoluteDifference.swift in Sources */ = {isa = PBXBuildFile; fileRef = 523873B32AC1B4F100507C7B /* AbsoluteDifference.swift */; };
		523873B62AC1B59A00507C7B /* OneOfThemTwenty.swift in Sources */ = {isa = PBXBuildFile; fileRef = 523873B52AC1B59A00507C7B /* OneOfThemTwenty.swift */; };
		523873B82AC1EFB400507C7B /* SearchInsertPosition.swift in Sources */ = {isa = PBXBuildFile; fileRef = 523873B72AC1EFB400507C7B /* SearchInsertPosition.swift */; };
		523873BC2AC1FE3800507C7B /* JewelsAndStones.swift in Sources */ = {isa = PBXBuildFile; fileRef = 523873BB2AC1FE3800507C7B /* JewelsAndStones.swift */; };
/* End PBXBuildFile section */

/* Begin PBXCopyFilesBuildPhase section */
		523873A52AC1B3CA00507C7B /* CopyFiles */ = {
			isa = PBXCopyFilesBuildPhase;
			buildActionMask = 2147483647;
			dstPath = /usr/share/man/man1/;
			dstSubfolderSpec = 0;
			files = (
			);
			runOnlyForDeploymentPostprocessing = 1;
		};
/* End PBXCopyFilesBuildPhase section */

/* Begin PBXFileReference section */
		5226541F2AC298C50001B34D /* StringOperations.swift */ = {isa = PBXFileReference; lastKnownFileType = sourcecode.swift; path = StringOperations.swift; sourceTree = "<group>"; };
		523873A72AC1B3CA00507C7B /* Basic_programming */ = {isa = PBXFileReference; explicitFileType = "compiled.mach-o.executable"; includeInIndex = 0; path = Basic_programming; sourceTree = BUILT_PRODUCTS_DIR; };
		523873AA2AC1B3CA00507C7B /* main.swift */ = {isa = PBXFileReference; lastKnownFileType = sourcecode.swift; path = main.swift; sourceTree = "<group>"; };
		523873B12AC1B40C00507C7B /* TripleSums.swift */ = {isa = PBXFileReference; lastKnownFileType = sourcecode.swift; path = TripleSums.swift; sourceTree = "<group>"; };
		523873B32AC1B4F100507C7B /* AbsoluteDifference.swift */ = {isa = PBXFileReference; lastKnownFileType = sourcecode.swift; path = AbsoluteDifference.swift; sourceTree = "<group>"; };
		523873B52AC1B59A00507C7B /* OneOfThemTwenty.swift */ = {isa = PBXFileReference; lastKnownFileType = sourcecode.swift; path = OneOfThemTwenty.swift; sourceTree = "<group>"; };
		523873B72AC1EFB400507C7B /* SearchInsertPosition.swift */ = {isa = PBXFileReference; lastKnownFileType = sourcecode.swift; path = SearchInsertPosition.swift; sourceTree = "<group>"; };
		523873BB2AC1FE3800507C7B /* JewelsAndStones.swift */ = {isa = PBXFileReference; lastKnownFileType = sourcecode.swift; path = JewelsAndStones.swift; sourceTree = "<group>"; };
/* End PBXFileReference section */

/* Begin PBXFrameworksBuildPhase section */
		523873A42AC1B3CA00507C7B /* Frameworks */ = {
			isa = PBXFrameworksBuildPhase;
			buildActionMask = 2147483647;
			files = (
			);
			runOnlyForDeploymentPostprocessing = 0;
		};
/* End PBXFrameworksBuildPhase section */

/* Begin PBXGroup section */
		5238739E2AC1B3CA00507C7B = {
			isa = PBXGroup;
			children = (
				523873A92AC1B3CA00507C7B /* Basic_programming */,
				523873A82AC1B3CA00507C7B /* Products */,
			);
			sourceTree = "<group>";
		};
		523873A82AC1B3CA00507C7B /* Products */ = {
			isa = PBXGroup;
			children = (
				523873A72AC1B3CA00507C7B /* Basic_programming */,
			);
			name = Products;
			sourceTree = "<group>";
		};
		523873A92AC1B3CA00507C7B /* Basic_programming */ = {
			isa = PBXGroup;
			children = (
				523873AA2AC1B3CA00507C7B /* main.swift */,
				523873B12AC1B40C00507C7B /* TripleSums.swift */,
				523873B32AC1B4F100507C7B /* AbsoluteDifference.swift */,
				523873B52AC1B59A00507C7B /* OneOfThemTwenty.swift */,
				523873B72AC1EFB400507C7B /* SearchInsertPosition.swift */,
				523873BB2AC1FE3800507C7B /* JewelsAndStones.swift */,
				5226541F2AC298C50001B34D /* StringOperations.swift */,
			);
			path = Basic_programming;
			sourceTree = "<group>";
		};
/* End PBXGroup section */

/* Begin PBXNativeTarget section */
		523873A62AC1B3CA00507C7B /* Basic_programming */ = {
			isa = PBXNativeTarget;
			buildConfigurationList = 523873AE2AC1B3CA00507C7B /* Build configuration list for PBXNativeTarget "Basic_programming" */;
			buildPhases = (
				523873A32AC1B3CA00507C7B /* Sources */,
				523873A42AC1B3CA00507C7B /* Frameworks */,
				523873A52AC1B3CA00507C7B /* CopyFiles */,
			);
			buildRules = (
			);
			dependencies = (
			);
			name = Basic_programming;
			productName = Basic_programming;
			productReference = 523873A72AC1B3CA00507C7B /* Basic_programming */;
			productType = "com.apple.product-type.tool";
		};
/* End PBXNativeTarget section */

/* Begin PBXProject section */
		5238739F2AC1B3CA00507C7B /* Project object */ = {
			isa = PBXProject;
			attributes = {
				BuildIndependentTargetsInParallel = 1;
				LastSwiftUpdateCheck = 1500;
				LastUpgradeCheck = 1500;
				TargetAttributes = {
					523873A62AC1B3CA00507C7B = {
						CreatedOnToolsVersion = 15.0;
					};
				};
			};
			buildConfigurationList = 523873A22AC1B3CA00507C7B /* Build configuration list for PBXProject "Basic_programming" */;
			compatibilityVersion = "Xcode 14.0";
			developmentRegion = en;
			hasScannedForEncodings = 0;
			knownRegions = (
				en,
				Base,
			);
			mainGroup = 5238739E2AC1B3CA00507C7B;
			productRefGroup = 523873A82AC1B3CA00507C7B /* Products */;
			projectDirPath = "";
			projectRoot = "";
			targets = (
				523873A62AC1B3CA00507C7B /* Basic_programming */,
			);
		};
/* End PBXProject section */

/* Begin PBXSourcesBuildPhase section */
		523873A32AC1B3CA00507C7B /* Sources */ = {
			isa = PBXSourcesBuildPhase;
			buildActionMask = 2147483647;
			files = (
				523873BC2AC1FE3800507C7B /* JewelsAndStones.swift in Sources */,
				522654202AC298C50001B34D /* StringOperations.swift in Sources */,
				523873B82AC1EFB400507C7B /* SearchInsertPosition.swift in Sources */,
				523873B62AC1B59A00507C7B /* OneOfThemTwenty.swift in Sources */,
				523873AB2AC1B3CA00507C7B /* main.swift in Sources */,
				523873B42AC1B4F100507C7B /* AbsoluteDifference.swift in Sources */,
				523873B22AC1B40C00507C7B /* TripleSums.swift in Sources */,
			);
			runOnlyForDeploymentPostprocessing = 0;
		};
/* End PBXSourcesBuildPhase section */

/* Begin XCBuildConfiguration section */
		523873AC2AC1B3CA00507C7B /* Debug */ = {
			isa = XCBuildConfiguration;
			buildSettings = {
				ALWAYS_SEARCH_USER_PATHS = NO;
				ASSETCATALOG_COMPILER_GENERATE_SWIFT_ASSET_SYMBOL_EXTENSIONS = YES;
				CLANG_ANALYZER_NONNULL = YES;
				CLANG_ANALYZER_NUMBER_OBJECT_CONVERSION = YES_AGGRESSIVE;
				CLANG_CXX_LANGUAGE_STANDARD = "gnu++20";
				CLANG_ENABLE_MODULES = YES;
				CLANG_ENABLE_OBJC_ARC = YES;
				CLANG_ENABLE_OBJC_WEAK = YES;
				CLANG_WARN_BLOCK_CAPTURE_AUTORELEASING = YES;
				CLANG_WARN_BOOL_CONVERSION = YES;
				CLANG_WARN_COMMA = YES;
				CLANG_WARN_CONSTANT_CONVERSION = YES;
				CLANG_WARN_DEPRECATED_OBJC_IMPLEMENTATIONS = YES;
				CLANG_WARN_DIRECT_OBJC_ISA_USAGE = YES_ERROR;
				CLANG_WARN_DOCUMENTATION_COMMENTS = YES;
				CLANG_WARN_EMPTY_BODY = YES;
				CLANG_WARN_ENUM_CONVERSION = YES;
				CLANG_WARN_INFINITE_RECURSION = YES;
				CLANG_WARN_INT_CONVERSION = YES;
				CLANG_WARN_NON_LITERAL_NULL_CONVERSION = YES;
				CLANG_WARN_OBJC_IMPLICIT_RETAIN_SELF = YES;
				CLANG_WARN_OBJC_LITERAL_CONVERSION = YES;
				CLANG_WARN_OBJC_ROOT_CLASS = YES_ERROR;
				CLANG_WARN_QUOTED_INCLUDE_IN_FRAMEWORK_HEADER = YES;
				CLANG_WARN_RANGE_LOOP_ANALYSIS = YES;
				CLANG_WARN_STRICT_PROTOTYPES = YES;
				CLANG_WARN_SUSPICIOUS_MOVE = YES;
				CLANG_WARN_UNGUARDED_AVAILABILITY = YES_AGGRESSIVE;
				CLANG_WARN_UNREACHABLE_CODE = YES;
				CLANG_WARN__DUPLICATE_METHOD_MATCH = YES;
				COPY_PHASE_STRIP = NO;
				DEBUG_INFORMATION_FORMAT = dwarf;
				ENABLE_STRICT_OBJC_MSGSEND = YES;
				ENABLE_TESTABILITY = YES;
				ENABLE_USER_SCRIPT_SANDBOXING = YES;
				GCC_C_LANGUAGE_STANDARD = gnu17;
				GCC_DYNAMIC_NO_PIC = NO;
				GCC_NO_COMMON_BLOCKS = YES;
				GCC_OPTIMIZATION_LEVEL = 0;
				GCC_PREPROCESSOR_DEFINITIONS = (
					"DEBUG=1",
					"$(inherited)",
				);
				GCC_WARN_64_TO_32_BIT_CONVERSION = YES;
				GCC_WARN_ABOUT_RETURN_TYPE = YES_ERROR;
				GCC_WARN_UNDECLARED_SELECTOR = YES;
				GCC_WARN_UNINITIALIZED_AUTOS = YES_AGGRESSIVE;
				GCC_WARN_UNUSED_FUNCTION = YES;
				GCC_WARN_UNUSED_VARIABLE = YES;
				LOCALIZATION_PREFERS_STRING_CATALOGS = YES;
				MACOSX_DEPLOYMENT_TARGET = 13.6;
				MTL_ENABLE_DEBUG_INFO = INCLUDE_SOURCE;
				MTL_FAST_MATH = YES;
				ONLY_ACTIVE_ARCH = YES;
				SDKROOT = macosx;
				SWIFT_ACTIVE_COMPILATION_CONDITIONS = "DEBUG $(inherited)";
				SWIFT_OPTIMIZATION_LEVEL = "-Onone";
			};
			name = Debug;
		};
		523873AD2AC1B3CA00507C7B /* Release */ = {
			isa = XCBuildConfiguration;
			buildSettings = {
				ALWAYS_SEARCH_USER_PATHS = NO;
				ASSETCATALOG_COMPILER_GENERATE_SWIFT_ASSET_SYMBOL_EXTENSIONS = YES;
				CLANG_ANALYZER_NONNULL = YES;
				CLANG_ANALYZER_NUMBER_OBJECT_CONVERSION = YES_AGGRESSIVE;
				CLANG_CXX_LANGUAGE_STANDARD = "gnu++20";
				CLANG_ENABLE_MODULES = YES;
				CLANG_ENABLE_OBJC_ARC = YES;
				CLANG_ENABLE_OBJC_WEAK = YES;
				CLANG_WARN_BLOCK_CAPTURE_AUTORELEASING = YES;
				CLANG_WARN_BOOL_CONVERSION = YES;
				CLANG_WARN_COMMA = YES;
				CLANG_WARN_CONSTANT_CONVERSION = YES;
				CLANG_WARN_DEPRECATED_OBJC_IMPLEMENTATIONS = YES;
				CLANG_WARN_DIRECT_OBJC_ISA_USAGE = YES_ERROR;
				CLANG_WARN_DOCUMENTATION_COMMENTS = YES;
				CLANG_WARN_EMPTY_BODY = YES;
				CLANG_WARN_ENUM_CONVERSION = YES;
				CLANG_WARN_INFINITE_RECURSION = YES;
				CLANG_WARN_INT_CONVERSION = YES;
				CLANG_WARN_NON_LITERAL_NULL_CONVERSION = YES;
				CLANG_WARN_OBJC_IMPLICIT_RETAIN_SELF = YES;
				CLANG_WARN_OBJC_LITERAL_CONVERSION = YES;
				CLANG_WARN_OBJC_ROOT_CLASS = YES_ERROR;
				CLANG_WARN_QUOTED_INCLUDE_IN_FRAMEWORK_HEADER = YES;
				CLANG_WARN_RANGE_LOOP_ANALYSIS = YES;
				CLANG_WARN_STRICT_PROTOTYPES = YES;
				CLANG_WARN_SUSPICIOUS_MOVE = YES;
				CLANG_WARN_UNGUARDED_AVAILABILITY = YES_AGGRESSIVE;
				CLANG_WARN_UNREACHABLE_CODE = YES;
				CLANG_WARN__DUPLICATE_METHOD_MATCH = YES;
				COPY_PHASE_STRIP = NO;
				DEBUG_INFORMATION_FORMAT = "dwarf-with-dsym";
				ENABLE_NS_ASSERTIONS = NO;
				ENABLE_STRICT_OBJC_MSGSEND = YES;
				ENABLE_USER_SCRIPT_SANDBOXING = YES;
				GCC_C_LANGUAGE_STANDARD = gnu17;
				GCC_NO_COMMON_BLOCKS = YES;
				GCC_WARN_64_TO_32_BIT_CONVERSION = YES;
				GCC_WARN_ABOUT_RETURN_TYPE = YES_ERROR;
				GCC_WARN_UNDECLARED_SELECTOR = YES;
				GCC_WARN_UNINITIALIZED_AUTOS = YES_AGGRESSIVE;
				GCC_WARN_UNUSED_FUNCTION = YES;
				GCC_WARN_UNUSED_VARIABLE = YES;
				LOCALIZATION_PREFERS_STRING_CATALOGS = YES;
				MACOSX_DEPLOYMENT_TARGET = 13.6;
				MTL_ENABLE_DEBUG_INFO = NO;
				MTL_FAST_MATH = YES;
				SDKROOT = macosx;
				SWIFT_COMPILATION_MODE = wholemodule;
			};
			name = Release;
		};
		523873AF2AC1B3CA00507C7B /* Debug */ = {
			isa = XCBuildConfiguration;
			buildSettings = {
				CODE_SIGN_STYLE = Automatic;
				PRODUCT_NAME = "$(TARGET_NAME)";
				SWIFT_VERSION = 5.0;
			};
			name = Debug;
		};
		523873B02AC1B3CA00507C7B /* Release */ = {
			isa = XCBuildConfiguration;
			buildSettings = {
				CODE_SIGN_STYLE = Automatic;
				PRODUCT_NAME = "$(TARGET_NAME)";
				SWIFT_VERSION = 5.0;
			};
			name = Release;
		};
/* End XCBuildConfiguration section */

/* Begin XCConfigurationList section */
		523873A22AC1B3CA00507C7B /* Build configuration list for PBXProject "Basic_programming" */ = {
			isa = XCConfigurationList;
			buildConfigurations = (
				523873AC2AC1B3CA00507C7B /* Debug */,
				523873AD2AC1B3CA00507C7B /* Release */,
			);
			defaultConfigurationIsVisible = 0;
			defaultConfigurationName = Release;
		};
		523873AE2AC1B3CA00507C7B /* Build configuration list for PBXNativeTarget "Basic_programming" */ = {
			isa = XCConfigurationList;
			buildConfigurations = (
				523873AF2AC1B3CA00507C7B /* Debug */,
				523873B02AC1B3CA00507C7B /* Release */,
			);
			defaultConfigurationIsVisible = 0;
			defaultConfigurationName = Release;
		};
/* End XCConfigurationList section */
	};
	rootObject = 5238739F2AC1B3CA00507C7B /* Project object */;
}
